
Microsoft Visual Studio Solution File, Format Version 12.00
# Visual Studio Version 17
VisualStudioVersion = 17.5.002.0
MinimumVisualStudioVersion = 10.0.40219.1
Project("{9A19103F-16F7-4668-BE54-9A1E7A4F7556}") = "TorneosV2", "TorneosV2.csproj", "{EC3A6EAD-604A-4E38-A3FE-0F5464264693}"
EndProject
Global
	GlobalSection(SolutionConfigurationPlatforms) = preSolution
		Debug|Any CPU = Debug|Any CPU
		Release|Any CPU = Release|Any CPU
	EndGlobalSection
	GlobalSection(ProjectConfigurationPlatforms) = postSolution
		{EC3A6EAD-604A-4E38-A3FE-0F5464264693}.Debug|Any CPU.ActiveCfg = Debug|Any CPU
		{EC3A6EAD-604A-4E38-A3FE-0F5464264693}.Debug|Any CPU.Build.0 = Debug|Any CPU
		{EC3A6EAD-604A-4E38-A3FE-0F5464264693}.Release|Any CPU.ActiveCfg = Release|Any CPU
		{EC3A6EAD-604A-4E38-A3FE-0F5464264693}.Release|Any CPU.Build.0 = Release|Any CPU
	EndGlobalSection
	GlobalSection(SolutionProperties) = preSolution
		HideSolutionNode = FALSE
	EndGlobalSection
	GlobalSection(ExtensibilityGlobals) = postSolution
		SolutionGuid = {49747736-6DCF-4156-8FFB-BB9574B8AED5}
	EndGlobalSection
EndGlobal
